github.com/dimfeld/httptreemux/v5 v5.3.0 h1:YPlS5UHDwed7EMnc2MfUP0mGvJqr3JYbfrC4pGgV8iw=
github.com/dimfeld/httptreemux/v5 v5.3.0/go.mod h1:QeEylH57C0v3VO0tkKraVz9oD3Uu93CKPnTLbsidvSw=
github.com/pkg/errors v0.9.1 h1:FEBLx1zS214owpjy7qsBeixbURkuhQAwrK5UwLGTwt4=
github.com/pkg/errors v0.9.1/go.mod h1:bwawxfHBFNV+L2hUp1rHADufV3IMtnDRdf1r5NINEl0=
